Microsoft Visual Studio Solution File, Format Version 12.00
# Visual Studio Version 17
VisualStudioVersion = 17.5.2.0
MinimumVisualStudioVersion = 10.0.40219.1
Project("{FAE04EC0-301F-11D3-BF4B-00C04F79EFBC}") = "web-app-boilerplate", "web-app-boilerplate.csproj", "{46972360-518A-E045-E091-E39F0F2FA9FD}"
EndProject
Global
	GlobalSection(SolutionConfigurationPlatforms) = preSolution
		Debug|Any CPU = Debug|Any CPU
		Release|Any CPU = Release|Any CPU
	EndGlobalSection
	GlobalSection(ProjectConfigurationPlatforms) = postSolution
		{46972360-518A-E045-E091-E39F0F2FA9FD}.Debug|Any CPU.ActiveCfg = Debug|Any CPU
		{46972360-518A-E045-E091-E39F0F2FA9FD}.Debug|Any CPU.Build.0 = Debug|Any CPU
		{46972360-518A-E045-E091-E39F0F2FA9FD}.Release|Any CPU.ActiveCfg = Release|Any CPU
		{46972360-518A-E045-E091-E39F0F2FA9FD}.Release|Any CPU.Build.0 = Release|Any CPU
	EndGlobalSection
	GlobalSection(SolutionProperties) = preSolution
		HideSolutionNode = FALSE
	EndGlobalSection
	GlobalSection(ExtensibilityGlobals) = postSolution
		SolutionGuid = {AAC0E3A7-8333-4C76-B70F-EDB4CB64F0FC}
	EndGlobalSection
EndGlobal
